
Microsoft Visual Studio Solution File, Format Version 12.00
# Visual Studio 2013
VisualStudioVersion = 12.0.31101.0
MinimumVisualStudioVersion = 10.0.40219.1
Project("{FAE04EC0-301F-11D3-BF4B-00C04F79EFBC}") = "RugpLib", "RugpLib\RugpLib.csproj", "{DEE031A3-D969-459E-AC8D-178D5C125D84}"
EndProject
Project("{FAE04EC0-301F-11D3-BF4B-00C04F79EFBC}") = "RugpViewer", "RugpViewer\RugpViewer.csproj", "{D7D0902D-44BB-4BDA-93A0-C3A9A04C9F9B}"
EndProject
Project("{FAE04EC0-301F-11D3-BF4B-00C04F79EFBC}") = "RugpTool", "RugpTool\RugpTool.csproj", "{F8A89606-0573-4EE4-B767-3C936AF9C4B9}"
EndProject
Global
	GlobalSection(SolutionConfigurationPlatforms) = preSolution
		Debug|Any CPU = Debug|Any CPU
		Release|Any CPU = Release|Any CPU
	EndGlobalSection
	GlobalSection(ProjectConfigurationPlatforms) = postSolution
		{DEE031A3-D969-459E-AC8D-178D5C125D84}.Debug|Any CPU.ActiveCfg = Debug|Any CPU
		{DEE031A3-D969-459E-AC8D-178D5C125D84}.Debug|Any CPU.Build.0 = Debug|Any CPU
		{DEE031A3-D969-459E-AC8D-178D5C125D84}.Release|Any CPU.ActiveCfg = Release|Any CPU
		{DEE031A3-D969-459E-AC8D-178D5C125D84}.Release|Any CPU.Build.0 = Release|Any CPU
		{D7D0902D-44BB-4BDA-93A0-C3A9A04C9F9B}.Debug|Any CPU.ActiveCfg = Debug|Any CPU
		{D7D0902D-44BB-4BDA-93A0-C3A9A04C9F9B}.Debug|Any CPU.Build.0 = Debug|Any CPU
		{D7D0902D-44BB-4BDA-93A0-C3A9A04C9F9B}.Release|Any CPU.ActiveCfg = Release|Any CPU
		{D7D0902D-44BB-4BDA-93A0-C3A9A04C9F9B}.Release|Any CPU.Build.0 = Release|Any CPU
		{F8A89606-0573-4EE4-B767-3C936AF9C4B9}.Debug|Any CPU.ActiveCfg = Debug|Any CPU
		{F8A89606-0573-4EE4-B767-3C936AF9C4B9}.Debug|Any CPU.Build.0 = Debug|Any CPU
		{F8A89606-0573-4EE4-B767-3C936AF9C4B9}.Release|Any CPU.ActiveCfg = Release|Any CPU
		{F8A89606-0573-4EE4-B767-3C936AF9C4B9}.Release|Any CPU.Build.0 = Release|Any CPU
	EndGlobalSection
	GlobalSection(SolutionProperties) = preSolution
		HideSolutionNode = FALSE
	EndGlobalSection
EndGlobal
